{
  "version": "3",
  "redirects": {
    "https://deno.land/std/path/mod.ts": "https://deno.land/std@0.224.0/path/mod.ts",
    "https://deno.land/x/kaksik/mod.ts": "https://deno.land/x/kaksik@v1.2.1/mod.ts",
    "https://deno.land/x/media_types/mod.ts": "https://deno.land/x/media_types@deprecated/mod.ts",
    "https://deno.land/x/url_join/mod.ts": "https://deno.land/x/url_join@1.0.0/mod.ts",
    "https://deno.land/x/url_parse/mod.ts": "https://deno.land/x/url_parse@1.1.0/mod.ts"
  },
  "remote": {
    "https://deno.land/std@0.140.0/_util/assert.ts": "e94f2eb37cebd7f199952e242c77654e43333c1ac4c5c700e929ea3aa5489f74",
    "https://deno.land/std@0.140.0/_util/os.ts": "3b4c6e27febd119d36a416d7a97bd3b0251b77c88942c8f16ee5953ea13e2e49",
    "https://deno.land/std@0.140.0/path/_constants.ts": "df1db3ffa6dd6d1252cc9617e5d72165cd2483df90e93833e13580687b6083c3",
    "https://deno.land/std@0.140.0/path/_interface.ts": "ee3b431a336b80cf445441109d089b70d87d5e248f4f90ff906820889ecf8d09",
    "https://deno.land/std@0.140.0/path/_util.ts": "c1e9686d0164e29f7d880b2158971d805b6e0efc3110d0b3e24e4b8af2190d2b",
    "https://deno.land/std@0.140.0/path/common.ts": "bee563630abd2d97f99d83c96c2fa0cca7cee103e8cb4e7699ec4d5db7bd2633",
    "https://deno.land/std@0.140.0/path/glob.ts": "cb5255638de1048973c3e69e420c77dc04f75755524cb3b2e160fe9277d939ee",
    "https://deno.land/std@0.140.0/path/mod.ts": "d3e68d0abb393fb0bf94a6d07c46ec31dc755b544b13144dee931d8d5f06a52d",
    "https://deno.land/std@0.140.0/path/posix.ts": "293cdaec3ecccec0a9cc2b534302dfe308adb6f10861fa183275d6695faace44",
    "https://deno.land/std@0.140.0/path/separator.ts": "fe1816cb765a8068afb3e8f13ad272351c85cbc739af56dacfc7d93d710fe0f9",
    "https://deno.land/std@0.140.0/path/win32.ts": "31811536855e19ba37a999cd8d1b62078235548d67902ece4aa6b814596dd757",
    "https://deno.land/std@0.224.0/assert/assert.ts": "09d30564c09de846855b7b071e62b5974b001bb72a4b797958fe0660e7849834",
    "https://deno.land/std@0.224.0/assert/assertion_error.ts": "ba8752bd27ebc51f723702fac2f54d3e94447598f54264a6653d6413738a8917",
    "https://deno.land/std@0.224.0/path/_common/assert_path.ts": "dbdd757a465b690b2cc72fc5fb7698c51507dec6bfafce4ca500c46b76ff7bd8",
    "https://deno.land/std@0.224.0/path/_common/basename.ts": "569744855bc8445f3a56087fd2aed56bdad39da971a8d92b138c9913aecc5fa2",
    "https://deno.land/std@0.224.0/path/_common/common.ts": "ef73c2860694775fe8ffcbcdd387f9f97c7a656febf0daa8c73b56f4d8a7bd4c",
    "https://deno.land/std@0.224.0/path/_common/constants.ts": "dc5f8057159f4b48cd304eb3027e42f1148cf4df1fb4240774d3492b5d12ac0c",
    "https://deno.land/std@0.224.0/path/_common/dirname.ts": "684df4aa71a04bbcc346c692c8485594fc8a90b9408dfbc26ff32cf3e0c98cc8",
    "https://deno.land/std@0.224.0/path/_common/format.ts": "92500e91ea5de21c97f5fe91e178bae62af524b72d5fcd246d6d60ae4bcada8b",
    "https://deno.land/std@0.224.0/path/_common/from_file_url.ts": "d672bdeebc11bf80e99bf266f886c70963107bdd31134c4e249eef51133ceccf",
    "https://deno.land/std@0.224.0/path/_common/glob_to_reg_exp.ts": "6cac16d5c2dc23af7d66348a7ce430e5de4e70b0eede074bdbcf4903f4374d8d",
    "https://deno.land/std@0.224.0/path/_common/normalize.ts": "684df4aa71a04bbcc346c692c8485594fc8a90b9408dfbc26ff32cf3e0c98cc8",
    "https://deno.land/std@0.224.0/path/_common/normalize_string.ts": "33edef773c2a8e242761f731adeb2bd6d683e9c69e4e3d0092985bede74f4ac3",
    "https://deno.land/std@0.224.0/path/_common/relative.ts": "faa2753d9b32320ed4ada0733261e3357c186e5705678d9dd08b97527deae607",
    "https://deno.land/std@0.224.0/path/_common/strip_trailing_separators.ts": "7024a93447efcdcfeaa9339a98fa63ef9d53de363f1fbe9858970f1bba02655a",
    "https://deno.land/std@0.224.0/path/_common/to_file_url.ts": "7f76adbc83ece1bba173e6e98a27c647712cab773d3f8cbe0398b74afc817883",
    "https://deno.land/std@0.224.0/path/_interface.ts": "8dfeb930ca4a772c458a8c7bbe1e33216fe91c253411338ad80c5b6fa93ddba0",
    "https://deno.land/std@0.224.0/path/_os.ts": "8fb9b90fb6b753bd8c77cfd8a33c2ff6c5f5bc185f50de8ca4ac6a05710b2c15",
    "https://deno.land/std@0.224.0/path/basename.ts": "7ee495c2d1ee516ffff48fb9a93267ba928b5a3486b550be73071bc14f8cc63e",
    "https://deno.land/std@0.224.0/path/common.ts": "03e52e22882402c986fe97ca3b5bb4263c2aa811c515ce84584b23bac4cc2643",
    "https://deno.land/std@0.224.0/path/constants.ts": "0c206169ca104938ede9da48ac952de288f23343304a1c3cb6ec7625e7325f36",
    "https://deno.land/std@0.224.0/path/dirname.ts": "85bd955bf31d62c9aafdd7ff561c4b5fb587d11a9a5a45e2b01aedffa4238a7c",
    "https://deno.land/std@0.224.0/path/extname.ts": "593303db8ae8c865cbd9ceec6e55d4b9ac5410c1e276bfd3131916591b954441",
    "https://deno.land/std@0.224.0/path/format.ts": "6ce1779b0980296cf2bc20d66436b12792102b831fd281ab9eb08fa8a3e6f6ac",
    "https://deno.land/std@0.224.0/path/from_file_url.ts": "911833ae4fd10a1c84f6271f36151ab785955849117dc48c6e43b929504ee069",
    "https://deno.land/std@0.224.0/path/glob_to_regexp.ts": "7f30f0a21439cadfdae1be1bf370880b415e676097fda584a63ce319053b5972",
    "https://deno.land/std@0.224.0/path/is_absolute.ts": "4791afc8bfd0c87f0526eaa616b0d16e7b3ab6a65b62942e50eac68de4ef67d7",
    "https://deno.land/std@0.224.0/path/is_glob.ts": "a65f6195d3058c3050ab905705891b412ff942a292bcbaa1a807a74439a14141",
    "https://deno.land/std@0.224.0/path/join.ts": "ae2ec5ca44c7e84a235fd532e4a0116bfb1f2368b394db1c4fb75e3c0f26a33a",
    "https://deno.land/std@0.224.0/path/join_globs.ts": "5b3bf248b93247194f94fa6947b612ab9d3abd571ca8386cf7789038545e54a0",
    "https://deno.land/std@0.224.0/path/mod.ts": "f6bd79cb08be0e604201bc9de41ac9248582699d1b2ee0ab6bc9190d472cf9cd",
    "https://deno.land/std@0.224.0/path/normalize.ts": "4155743ccceeed319b350c1e62e931600272fad8ad00c417b91df093867a8352",
    "https://deno.land/std@0.224.0/path/normalize_glob.ts": "cc89a77a7d3b1d01053b9dcd59462b75482b11e9068ae6c754b5cf5d794b374f",
    "https://deno.land/std@0.224.0/path/parse.ts": "77ad91dcb235a66c6f504df83087ce2a5471e67d79c402014f6e847389108d5a",
    "https://deno.land/std@0.224.0/path/posix/_util.ts": "1e3937da30f080bfc99fe45d7ed23c47dd8585c5e473b2d771380d3a6937cf9d",
    "https://deno.land/std@0.224.0/path/posix/basename.ts": "d2fa5fbbb1c5a3ab8b9326458a8d4ceac77580961b3739cd5bfd1d3541a3e5f0",
    "https://deno.land/std@0.224.0/path/posix/common.ts": "26f60ccc8b2cac3e1613000c23ac5a7d392715d479e5be413473a37903a2b5d4",
    "https://deno.land/std@0.224.0/path/posix/constants.ts": "93481efb98cdffa4c719c22a0182b994e5a6aed3047e1962f6c2c75b7592bef1",
    "https://deno.land/std@0.224.0/path/posix/dirname.ts": "76cd348ffe92345711409f88d4d8561d8645353ac215c8e9c80140069bf42f00",
    "https://deno.land/std@0.224.0/path/posix/extname.ts": "e398c1d9d1908d3756a7ed94199fcd169e79466dd88feffd2f47ce0abf9d61d2",
    "https://deno.land/std@0.224.0/path/posix/format.ts": "185e9ee2091a42dd39e2a3b8e4925370ee8407572cee1ae52838aed96310c5c1",
    "https://deno.land/std@0.224.0/path/posix/from_file_url.ts": "951aee3a2c46fd0ed488899d024c6352b59154c70552e90885ed0c2ab699bc40",
    "https://deno.land/std@0.224.0/path/posix/glob_to_regexp.ts": "76f012fcdb22c04b633f536c0b9644d100861bea36e9da56a94b9c589a742e8f",
    "https://deno.land/std@0.224.0/path/posix/is_absolute.ts": "cebe561ad0ae294f0ce0365a1879dcfca8abd872821519b4fcc8d8967f888ede",
    "https://deno.land/std@0.224.0/path/posix/is_glob.ts": "8a8b08c08bf731acf2c1232218f1f45a11131bc01de81e5f803450a5914434b9",
    "https://deno.land/std@0.224.0/path/posix/join.ts": "7fc2cb3716aa1b863e990baf30b101d768db479e70b7313b4866a088db016f63",
    "https://deno.land/std@0.224.0/path/posix/join_globs.ts": "a9475b44645feddceb484ee0498e456f4add112e181cb94042cdc6d47d1cdd25",
    "https://deno.land/std@0.224.0/path/posix/mod.ts": "2301fc1c54a28b349e20656f68a85f75befa0ee9b6cd75bfac3da5aca9c3f604",
    "https://deno.land/std@0.224.0/path/posix/normalize.ts": "baeb49816a8299f90a0237d214cef46f00ba3e95c0d2ceb74205a6a584b58a91",
    "https://deno.land/std@0.224.0/path/posix/normalize_glob.ts": "9c87a829b6c0f445d03b3ecadc14492e2864c3ebb966f4cea41e98326e4435c6",
    "https://deno.land/std@0.224.0/path/posix/parse.ts": "09dfad0cae530f93627202f28c1befa78ea6e751f92f478ca2cc3b56be2cbb6a",
    "https://deno.land/std@0.224.0/path/posix/relative.ts": "3907d6eda41f0ff723d336125a1ad4349112cd4d48f693859980314d5b9da31c",
    "https://deno.land/std@0.224.0/path/posix/resolve.ts": "08b699cfeee10cb6857ccab38fa4b2ec703b0ea33e8e69964f29d02a2d5257cf",
    "https://deno.land/std@0.224.0/path/posix/to_file_url.ts": "7aa752ba66a35049e0e4a4be5a0a31ac6b645257d2e031142abb1854de250aaf",
    "https://deno.land/std@0.224.0/path/posix/to_namespaced_path.ts": "28b216b3c76f892a4dca9734ff1cc0045d135532bfd9c435ae4858bfa5a2ebf0",
    "https://deno.land/std@0.224.0/path/relative.ts": "ab739d727180ed8727e34ed71d976912461d98e2b76de3d3de834c1066667add",
    "https://deno.land/std@0.224.0/path/resolve.ts": "a6f977bdb4272e79d8d0ed4333e3d71367cc3926acf15ac271f1d059c8494d8d",
    "https://deno.land/std@0.224.0/path/to_file_url.ts": "88f049b769bce411e2d2db5bd9e6fd9a185a5fbd6b9f5ad8f52bef517c4ece1b",
    "https://deno.land/std@0.224.0/path/to_namespaced_path.ts": "b706a4103b104cfadc09600a5f838c2ba94dbcdb642344557122dda444526e40",
    "https://deno.land/std@0.224.0/path/windows/_util.ts": "d5f47363e5293fced22c984550d5e70e98e266cc3f31769e1710511803d04808",
    "https://deno.land/std@0.224.0/path/windows/basename.ts": "6bbc57bac9df2cec43288c8c5334919418d784243a00bc10de67d392ab36d660",
    "https://deno.land/std@0.224.0/path/windows/common.ts": "26f60ccc8b2cac3e1613000c23ac5a7d392715d479e5be413473a37903a2b5d4",
    "https://deno.land/std@0.224.0/path/windows/constants.ts": "5afaac0a1f67b68b0a380a4ef391bf59feb55856aa8c60dfc01bd3b6abb813f5",
    "https://deno.land/std@0.224.0/path/windows/dirname.ts": "33e421be5a5558a1346a48e74c330b8e560be7424ed7684ea03c12c21b627bc9",
    "https://deno.land/std@0.224.0/path/windows/extname.ts": "165a61b00d781257fda1e9606a48c78b06815385e7d703232548dbfc95346bef",
    "https://deno.land/std@0.224.0/path/windows/format.ts": "bbb5ecf379305b472b1082cd2fdc010e44a0020030414974d6029be9ad52aeb6",
    "https://deno.land/std@0.224.0/path/windows/from_file_url.ts": "ced2d587b6dff18f963f269d745c4a599cf82b0c4007356bd957cb4cb52efc01",
    "https://deno.land/std@0.224.0/path/windows/glob_to_regexp.ts": "e45f1f89bf3fc36f94ab7b3b9d0026729829fabc486c77f414caebef3b7304f8",
    "https://deno.land/std@0.224.0/path/windows/is_absolute.ts": "4a8f6853f8598cf91a835f41abed42112cebab09478b072e4beb00ec81f8ca8a",
    "https://deno.land/std@0.224.0/path/windows/is_glob.ts": "8a8b08c08bf731acf2c1232218f1f45a11131bc01de81e5f803450a5914434b9",
    "https://deno.land/std@0.224.0/path/windows/join.ts": "8d03530ab89195185103b7da9dfc6327af13eabdcd44c7c63e42e27808f50ecf",
    "https://deno.land/std@0.224.0/path/windows/join_globs.ts": "a9475b44645feddceb484ee0498e456f4add112e181cb94042cdc6d47d1cdd25",
    "https://deno.land/std@0.224.0/path/windows/mod.ts": "2301fc1c54a28b349e20656f68a85f75befa0ee9b6cd75bfac3da5aca9c3f604",
    "https://deno.land/std@0.224.0/path/windows/normalize.ts": "78126170ab917f0ca355a9af9e65ad6bfa5be14d574c5fb09bb1920f52577780",
    "https://deno.land/std@0.224.0/path/windows/normalize_glob.ts": "9c87a829b6c0f445d03b3ecadc14492e2864c3ebb966f4cea41e98326e4435c6",
    "https://deno.land/std@0.224.0/path/windows/parse.ts": "08804327b0484d18ab4d6781742bf374976de662f8642e62a67e93346e759707",
    "https://deno.land/std@0.224.0/path/windows/relative.ts": "3e1abc7977ee6cc0db2730d1f9cb38be87b0ce4806759d271a70e4997fc638d7",
    "https://deno.land/std@0.224.0/path/windows/resolve.ts": "8dae1dadfed9d46ff46cc337c9525c0c7d959fb400a6308f34595c45bdca1972",
    "https://deno.land/std@0.224.0/path/windows/to_file_url.ts": "40e560ee4854fe5a3d4d12976cef2f4e8914125c81b11f1108e127934ced502e",
    "https://deno.land/std@0.224.0/path/windows/to_namespaced_path.ts": "4ffa4fb6fae321448d5fe810b3ca741d84df4d7897e61ee29be961a6aac89a4c",
    "https://deno.land/x/kaksik@v1.2.1/classes/Application.ts": "8de7ee4d39f29f0f184c5970c9c51a7405fdc0da717a28d019a1c3d39996a8c0",
    "https://deno.land/x/kaksik@v1.2.1/classes/Body.ts": "33d0480b95bd7901d99f154defd464f831441f4e97a634762938df153498d182",
    "https://deno.land/x/kaksik@v1.2.1/classes/Context.ts": "cf2d4a3fce88a85d98c632bc738eb15990208be7561842627a83ca1fb09009d3",
    "https://deno.land/x/kaksik@v1.2.1/classes/Directory.ts": "da47c72546f7de49adf52e6c847f52b6370819fb5de46afa7b1a9c74a23be8ec",
    "https://deno.land/x/kaksik@v1.2.1/classes/File.ts": "1acf53c4fc6c6f059fe8237413bfe864dbb6157d172c9c0aabd590aa8b4a6630",
    "https://deno.land/x/kaksik@v1.2.1/classes/Gemtext.ts": "76f520b98315de2d99c43fcaae69da229e46e0105db2a084eae7e94aadaf4d5f",
    "https://deno.land/x/kaksik@v1.2.1/classes/Header.ts": "c5ec915fb0836c924da210a3441e4face36e964640f0a184be6ab4e7ea392ddd",
    "https://deno.land/x/kaksik@v1.2.1/classes/Line.ts": "5651841c59cd03fc7006477a7a744aecef3a8aa627e6128d5ce5a2bc0c43f460",
    "https://deno.land/x/kaksik@v1.2.1/classes/LineHeading.ts": "89fe42e13ffb153914d67fe8a90f351d23ba75e0776ba7cc6b5589ffe65f64a3",
    "https://deno.land/x/kaksik@v1.2.1/classes/LineLink.ts": "e5019a58927054977c33de47f33ebfe355d630698ff2970c08cfee895391d1c4",
    "https://deno.land/x/kaksik@v1.2.1/classes/LineListItem.ts": "62ca553b559cb63d35656cbb397d9a523a61378f0abba52a5137c4084deb017f",
    "https://deno.land/x/kaksik@v1.2.1/classes/LinePreformattingToggle.ts": "fa4613e9db9329f8131c3421e1e12b748caacb42dfc5f362f156f9bf5c00fa4a",
    "https://deno.land/x/kaksik@v1.2.1/classes/LineQuote.ts": "8ca91199c83eafd874de1cbc4c2e357372e65a238ed5bd58685e53bd65f08f99",
    "https://deno.land/x/kaksik@v1.2.1/classes/LineText.ts": "ee175acdb68f22e40c46d18fa5402e21668e7141d22a02a2b2c47b6b11c68f9f",
    "https://deno.land/x/kaksik@v1.2.1/classes/Middleware.ts": "d6e9ad87754f79b7ddeabea02efb2e0cc6c8570785953851fd25e2ced7af7207",
    "https://deno.land/x/kaksik@v1.2.1/classes/Redirect.ts": "9ca371fa6db14dbf4f259cc6d16a6c26adc7a1ccc7cd1c7e6a47762a9e6fc2ae",
    "https://deno.land/x/kaksik@v1.2.1/classes/Request.ts": "30f94f80e7a7aed1029bb041299080c24cac9c03e81a7b4b29d41328ca071129",
    "https://deno.land/x/kaksik@v1.2.1/classes/Response.ts": "8a314b38dcb6d764bb7b1f96e7fdd9ab9b05043bd143d52b392e923df6a796a6",
    "https://deno.land/x/kaksik@v1.2.1/classes/ResponseFailure.ts": "e09ba9c35c9832f1ad52f280e7bcacb35976043395bf71bb910bf3a66b06a21d",
    "https://deno.land/x/kaksik@v1.2.1/classes/ResponseNotFound.ts": "929f0a41f964d76366231e153b8c504cc4cb4cc9cfe148cdc4f9faed8bdf8e5f",
    "https://deno.land/x/kaksik@v1.2.1/classes/ResponseOk.ts": "3f8f25be1a1462cbe04a8cc97e0bf87577bfc981c858dab7eed3862440196449",
    "https://deno.land/x/kaksik@v1.2.1/classes/ResponseRedirect.ts": "cbbf2f6ac6b43e46e7eb96f8d223a8c6fd3fe0812f97e27f58f65a55675beca9",
    "https://deno.land/x/kaksik@v1.2.1/classes/Route.ts": "e131a46d62e6a28c0027bfb616772d3e914b396be4f28f6c5f0e2db0fe6fd9f1",
    "https://deno.land/x/kaksik@v1.2.1/classes/StatusCode.ts": "2755e5b00df7c499ebc0866da98ae49f36a35df96349c5cb79d41d3ec2f89520",
    "https://deno.land/x/kaksik@v1.2.1/deps.ts": "5b0e912fe9f1cf056be44856caecd7bb5516fd6d0cc4020bdee41a2e5d13897b",
    "https://deno.land/x/kaksik@v1.2.1/middleware/handleRedirects.ts": "da31c8a867c15d145711a3d6d42183e6692d7926c3e2f76cd8644bcc39dfa3ea",
    "https://deno.land/x/kaksik@v1.2.1/middleware/handleRoutes.ts": "7a2d1e0f391f823548acf7f61aea00da58a0f793ede8727911ba8ff3137d6155",
    "https://deno.land/x/kaksik@v1.2.1/middleware/serveStatic.ts": "51bd278c3c7bd663b7324011fc6ca7c47dad397dde762c2c9fcbb3ebf62d84bf",
    "https://deno.land/x/kaksik@v1.2.1/mod.ts": "5e23765d758759a84c4649970e277e8c4a009fa04d6e7adbbc3f9e25532b1c03",
    "https://deno.land/x/media_types@deprecated/mod.ts": "ef1423031579cc0cc125f099572dd3c245d1f7d71aed1da077515d29ba5636d6",
    "https://deno.land/x/url_join@1.0.0/mod.ts": "d3c7007e3ab15594e54d5b90dce623b3e274a726e0cdf57858e7ecab77a0166c",
    "https://deno.land/x/url_parse@1.1.0/mod.ts": "c4601d158703de0c07259ee6e0f143448a756f8297121f3a174098327f06802b",
    "https://esm.sh/gh/doga/gemini-server@0.1.0/mod.mjs": "8506c53251bc1f41b70fb186bcb21a66b8e7ad6aa9eccc24a4fe2f01c29b0a42",
    "https://esm.sh/gh/doga/gemini-server@0.1.1/mod.mjs": "01564b2c6892bd7ff733e7d0e51b4fa9f78e13dc4c879ecd065974b1575602c1",
    "https://esm.sh/gh/doga/gemini-server@0.2.1/mod.mts": "88cda05234e0c51d6668eca2f9b5672435ce66a578147052612e4442d5755949",
    "https://esm.sh/v135/gh/doga/gemini-server@0.1.0/denonext/mod.js": "6b75783799feae65d16cc3093dcb8ae094ef3b616511ebcc57b646b0da22ef24",
    "https://esm.sh/v135/gh/doga/gemini-server@0.1.1/denonext/mod.js": "c9c87183f9d11f558ed851d05acb4f8fd2e08dd0b00473c3bef7d8f854f97954",
    "https://esm.sh/v135/gh/doga/gemini-server@0.2.1/denonext/mod.mts.js": "72be8d3fdde8a03edcf08da50b25dd3a024686e380d21f5bcdccef573c50733f",
    "https://raw.githubusercontent.com/jshttp/mime-db/v1.52.0/db.json": "85c8e1ba609079947c8df83c092900ab0226e1d7b60e5e7105fb7dd701833263"
  }
}
